
Microsoft Visual Studio Solution File, Format Version 12.00
# Visual Studio Version 16
VisualStudioVersion = 16.0.31702.278
MinimumVisualStudioVersion = 10.0.40219.1
Project("{FAE04EC0-301F-11D3-BF4B-00C04F79EFBC}") = "Presentacion", "Presentacion\Presentacion.csproj", "{76A5EEC7-D9F3-4A3F-ABD2-2CE9E9FAAE97}"
EndProject
Project("{FAE04EC0-301F-11D3-BF4B-00C04F79EFBC}") = "Logica", "Logica\Logica.csproj", "{36E0A0BB-BD68-489F-8D68-CE0D138C1610}"
EndProject
Global
	GlobalSection(SolutionConfigurationPlatforms) = preSolution
		Debug|Any CPU = Debug|Any CPU
		Release|Any CPU = Release|Any CPU
	EndGlobalSection
	GlobalSection(ProjectConfigurationPlatforms) = postSolution
		{76A5EEC7-D9F3-4A3F-ABD2-2CE9E9FAAE97}.Debug|Any CPU.ActiveCfg = Debug|Any CPU
		{76A5EEC7-D9F3-4A3F-ABD2-2CE9E9FAAE97}.Debug|Any CPU.Build.0 = Debug|Any CPU
		{76A5EEC7-D9F3-4A3F-ABD2-2CE9E9FAAE97}.Release|Any CPU.ActiveCfg = Release|Any CPU
		{76A5EEC7-D9F3-4A3F-ABD2-2CE9E9FAAE97}.Release|Any CPU.Build.0 = Release|Any CPU
		{36E0A0BB-BD68-489F-8D68-CE0D138C1610}.Debug|Any CPU.ActiveCfg = Debug|Any CPU
		{36E0A0BB-BD68-489F-8D68-CE0D138C1610}.Debug|Any CPU.Build.0 = Debug|Any CPU
		{36E0A0BB-BD68-489F-8D68-CE0D138C1610}.Release|Any CPU.ActiveCfg = Release|Any CPU
		{36E0A0BB-BD68-489F-8D68-CE0D138C1610}.Release|Any CPU.Build.0 = Release|Any CPU
	EndGlobalSection
	GlobalSection(SolutionProperties) = preSolution
		HideSolutionNode = FALSE
	EndGlobalSection
	GlobalSection(ExtensibilityGlobals) = postSolution
		SolutionGuid = {563F908B-53C1-4878-9FC8-7AFB525BA8FE}
	EndGlobalSection
EndGlobal
